
Microsoft Visual Studio Solution File, Format Version 12.00
# Visual Studio Version 17
VisualStudioVersion = 17.10.35027.167
MinimumVisualStudioVersion = 10.0.40219.1
Project("{FAE04EC0-301F-11D3-BF4B-00C04F79EFBC}") = "WindowsFormsAppDgv1", "WindowsFormsAppDgv1\WindowsFormsAppDgv1.csproj", "{CF395A88-ACE7-4640-863A-6609BAFAEEFB}"
EndProject
Global
	GlobalSection(SolutionConfigurationPlatforms) = preSolution
		Debug|Any CPU = Debug|Any CPU
		Release|Any CPU = Release|Any CPU
	EndGlobalSection
	GlobalSection(ProjectConfigurationPlatforms) = postSolution
		{CF395A88-ACE7-4640-863A-6609BAFAEEFB}.Debug|Any CPU.ActiveCfg = Debug|Any CPU
		{CF395A88-ACE7-4640-863A-6609BAFAEEFB}.Debug|Any CPU.Build.0 = Debug|Any CPU
		{CF395A88-ACE7-4640-863A-6609BAFAEEFB}.Release|Any CPU.ActiveCfg = Release|Any CPU
		{CF395A88-ACE7-4640-863A-6609BAFAEEFB}.Release|Any CPU.Build.0 = Release|Any CPU
	EndGlobalSection
	GlobalSection(SolutionProperties) = preSolution
		HideSolutionNode = FALSE
	EndGlobalSection
	GlobalSection(ExtensibilityGlobals) = postSolution
		SolutionGuid = {557F89DB-03A7-4668-BCB0-FBAB08BC1C8E}
	EndGlobalSection
EndGlobal
